
Microsoft Visual Studio Solution File, Format Version 12.00
# Visual Studio Version 17
VisualStudioVersion = 17.14.36623.8 d17.14
MinimumVisualStudioVersion = 10.0.40219.1
Project("{FAE04EC0-301F-11D3-BF4B-00C04F79EFBC}") = "ExpresionTestProject", "ExpresionTestProject\ExpresionTestProject.csproj", "{E8DDAC95-09C4-42B5-8245-D577A91BABEF}"
EndProject
Global
	GlobalSection(SolutionConfigurationPlatforms) = preSolution
		Debug|Any CPU = Debug|Any CPU
		Release|Any CPU = Release|Any CPU
	EndGlobalSection
	GlobalSection(ProjectConfigurationPlatforms) = postSolution
		{E8DDAC95-09C4-42B5-8245-D577A91BABEF}.Debug|Any CPU.ActiveCfg = Debug|Any CPU
		{E8DDAC95-09C4-42B5-8245-D577A91BABEF}.Debug|Any CPU.Build.0 = Debug|Any CPU
		{E8DDAC95-09C4-42B5-8245-D577A91BABEF}.Release|Any CPU.ActiveCfg = Release|Any CPU
		{E8DDAC95-09C4-42B5-8245-D577A91BABEF}.Release|Any CPU.Build.0 = Release|Any CPU
	EndGlobalSection
	GlobalSection(SolutionProperties) = preSolution
		HideSolutionNode = FALSE
	EndGlobalSection
	GlobalSection(ExtensibilityGlobals) = postSolution
		SolutionGuid = {2B0A8C91-FB8B-4B1C-AEAE-FA4E79DC3861}
	EndGlobalSection
EndGlobal
